
Microsoft Visual Studio Solution File, Format Version 12.00
# Visual Studio 2012
Project("{FAE04EC0-301F-11D3-BF4B-00C04F79EFBC}") = "SqlToCouchbaseMigrationTool", "SqlToCouchbaseMigrationTool\SqlToCouchbaseMigrationTool.csproj", "{995E7217-5F90-40B7-BF9D-A2D8CA956065}"
EndProject
Project("{FAE04EC0-301F-11D3-BF4B-00C04F79EFBC}") = "DataAccess", "DataAccess\DataAccess.csproj", "{9A3C0E5C-705F-4301-AF66-FD853178781D}"
EndProject
Project("{FAE04EC0-301F-11D3-BF4B-00C04F79EFBC}") = "DataConsolidator", "DataConsolidator\DataConsolidator.csproj", "{1C514D4A-9A98-4332-BB9D-44D1EC41224A}"
EndProject
Project("{2150E333-8FDC-42A3-9474-1A3956D46DE8}") = "References", "References", "{6DF0F936-C7F3-4715-A2FD-4D6289E79EF2}"
EndProject
Project("{2150E333-8FDC-42A3-9474-1A3956D46DE8}") = "PIMS", "PIMS", "{FE7FE487-2AC4-4641-A045-191493792794}"
	ProjectSection(SolutionItems) = preProject
		References\PIMS\PIMS.Client.dll = References\PIMS\PIMS.Client.dll
		References\PIMS\PIMS.DataContract.dll = References\PIMS\PIMS.DataContract.dll
		References\PIMS\PIMS.V1.dll = References\PIMS\PIMS.V1.dll
		References\PIMS\Tavisca.Frameworks.Analytics.dll = References\PIMS\Tavisca.Frameworks.Analytics.dll
		References\PIMS\Tavisca.Frameworks.Infrastructure.dll = References\PIMS\Tavisca.Frameworks.Infrastructure.dll
	EndProjectSection
EndProject
Global
	GlobalSection(SolutionConfigurationPlatforms) = preSolution
		Debug|Any CPU = Debug|Any CPU
		PreQA|Any CPU = PreQA|Any CPU
		Prod|Any CPU = Prod|Any CPU
		QA|Any CPU = QA|Any CPU
		Release|Any CPU = Release|Any CPU
		Stage|Any CPU = Stage|Any CPU
	EndGlobalSection
	GlobalSection(ProjectConfigurationPlatforms) = postSolution
		{995E7217-5F90-40B7-BF9D-A2D8CA956065}.Debug|Any CPU.ActiveCfg = Debug|Any CPU
		{995E7217-5F90-40B7-BF9D-A2D8CA956065}.Debug|Any CPU.Build.0 = Debug|Any CPU
		{995E7217-5F90-40B7-BF9D-A2D8CA956065}.PreQA|Any CPU.ActiveCfg = PreQA|Any CPU
		{995E7217-5F90-40B7-BF9D-A2D8CA956065}.PreQA|Any CPU.Build.0 = PreQA|Any CPU
		{995E7217-5F90-40B7-BF9D-A2D8CA956065}.Prod|Any CPU.ActiveCfg = Prod|Any CPU
		{995E7217-5F90-40B7-BF9D-A2D8CA956065}.Prod|Any CPU.Build.0 = Prod|Any CPU
		{995E7217-5F90-40B7-BF9D-A2D8CA956065}.QA|Any CPU.ActiveCfg = QA|Any CPU
		{995E7217-5F90-40B7-BF9D-A2D8CA956065}.QA|Any CPU.Build.0 = QA|Any CPU
		{995E7217-5F90-40B7-BF9D-A2D8CA956065}.Release|Any CPU.ActiveCfg = Release|Any CPU
		{995E7217-5F90-40B7-BF9D-A2D8CA956065}.Release|Any CPU.Build.0 = Release|Any CPU
		{995E7217-5F90-40B7-BF9D-A2D8CA956065}.Stage|Any CPU.ActiveCfg = Stage|Any CPU
		{995E7217-5F90-40B7-BF9D-A2D8CA956065}.Stage|Any CPU.Build.0 = Stage|Any CPU
		{9A3C0E5C-705F-4301-AF66-FD853178781D}.Debug|Any CPU.ActiveCfg = Debug|Any CPU
		{9A3C0E5C-705F-4301-AF66-FD853178781D}.Debug|Any CPU.Build.0 = Debug|Any CPU
		{9A3C0E5C-705F-4301-AF66-FD853178781D}.PreQA|Any CPU.ActiveCfg = PreQA|Any CPU
		{9A3C0E5C-705F-4301-AF66-FD853178781D}.PreQA|Any CPU.Build.0 = PreQA|Any CPU
		{9A3C0E5C-705F-4301-AF66-FD853178781D}.Prod|Any CPU.ActiveCfg = Prod|Any CPU
		{9A3C0E5C-705F-4301-AF66-FD853178781D}.Prod|Any CPU.Build.0 = Prod|Any CPU
		{9A3C0E5C-705F-4301-AF66-FD853178781D}.QA|Any CPU.ActiveCfg = QA|Any CPU
		{9A3C0E5C-705F-4301-AF66-FD853178781D}.QA|Any CPU.Build.0 = QA|Any CPU
		{9A3C0E5C-705F-4301-AF66-FD853178781D}.Release|Any CPU.ActiveCfg = Release|Any CPU
		{9A3C0E5C-705F-4301-AF66-FD853178781D}.Release|Any CPU.Build.0 = Release|Any CPU
		{9A3C0E5C-705F-4301-AF66-FD853178781D}.Stage|Any CPU.ActiveCfg = Stage|Any CPU
		{9A3C0E5C-705F-4301-AF66-FD853178781D}.Stage|Any CPU.Build.0 = Stage|Any CPU
		{1C514D4A-9A98-4332-BB9D-44D1EC41224A}.Debug|Any CPU.ActiveCfg = Debug|Any CPU
		{1C514D4A-9A98-4332-BB9D-44D1EC41224A}.Debug|Any CPU.Build.0 = Debug|Any CPU
		{1C514D4A-9A98-4332-BB9D-44D1EC41224A}.PreQA|Any CPU.ActiveCfg = Release|Any CPU
		{1C514D4A-9A98-4332-BB9D-44D1EC41224A}.PreQA|Any CPU.Build.0 = Release|Any CPU
		{1C514D4A-9A98-4332-BB9D-44D1EC41224A}.Prod|Any CPU.ActiveCfg = Release|Any CPU
		{1C514D4A-9A98-4332-BB9D-44D1EC41224A}.Prod|Any CPU.Build.0 = Release|Any CPU
		{1C514D4A-9A98-4332-BB9D-44D1EC41224A}.QA|Any CPU.ActiveCfg = Release|Any CPU
		{1C514D4A-9A98-4332-BB9D-44D1EC41224A}.QA|Any CPU.Build.0 = Release|Any CPU
		{1C514D4A-9A98-4332-BB9D-44D1EC41224A}.Release|Any CPU.ActiveCfg = Release|Any CPU
		{1C514D4A-9A98-4332-BB9D-44D1EC41224A}.Release|Any CPU.Build.0 = Release|Any CPU
		{1C514D4A-9A98-4332-BB9D-44D1EC41224A}.Stage|Any CPU.ActiveCfg = Release|Any CPU
		{1C514D4A-9A98-4332-BB9D-44D1EC41224A}.Stage|Any CPU.Build.0 = Release|Any CPU
	EndGlobalSection
	GlobalSection(SolutionProperties) = preSolution
		HideSolutionNode = FALSE
	EndGlobalSection
	GlobalSection(NestedProjects) = preSolution
		{FE7FE487-2AC4-4641-A045-191493792794} = {6DF0F936-C7F3-4715-A2FD-4D6289E79EF2}
	EndGlobalSection
EndGlobal
